github.com/gorilla/mux v1.8.1 h1:TuBL49tXwgrFYWhqrNgrUNEY92u81SPhu7sTdzQEiWY=
github.com/gorilla/mux v1.8.1/go.mod h1:AKf9I4AEqPTmMytcMc0KkNouC66V3BtZ4qD5fmWSiMQ=
github.com/tpasson/sw-go-logger-lib v0.3.2 h1:6ONJZyRfg4A4Fc6l1dG75FdW+NxmodBhUKZF8FsG5iE=
github.com/tpasson/sw-go-logger-lib v0.3.2/go.mod h1:fRyR4r6tvTHzZH6ddTn5wKe7g9WHcgO3dCnz+JVmjo8=
github.com/tpasson/sw-go-utility-lib v0.1.4 h1:7p9tiV4VAp2OEIpuBKY0cD2dlbHjZAJIpKqR11YX1hM=
github.com/tpasson/sw-go-utility-lib v0.1.4/go.mod h1:qE1b3SC7VttYI9OIIpQHVOCfv6/DrleHtYpsTbRo5b8=
